
Microsoft Visual Studio Solution File, Format Version 12.00
# Visual Studio Version 16
VisualStudioVersion = 16.0.30717.126
MinimumVisualStudioVersion = 10.0.40219.1
Project("{FAE04EC0-301F-11D3-BF4B-00C04F79EFBC}") = "RMDataManager", "RMDataManager\RMDataManager.csproj", "{01C62149-1275-4CCF-BC5B-37436D91437C}"
EndProject
Project("{00D1A9C2-B5F0-4AF3-8072-F6C62B433612}") = "RMData", "RMData\RMData.sqlproj", "{D288ABB7-5544-4ABD-B6AE-5876F3BC8F7E}"
EndProject
Project("{FAE04EC0-301F-11D3-BF4B-00C04F79EFBC}") = "RMDesktopUI", "RMDesktopUI\RMDesktopUI.csproj", "{7FAAD9AB-AA87-421E-A39C-7388458A8594}"
EndProject
Project("{FAE04EC0-301F-11D3-BF4B-00C04F79EFBC}") = "RMDataManager.Library", "RMDataManagerLibrary\RMDataManager.Library.csproj", "{819DE380-7AA4-4BE6-A9D5-38C25617F036}"
EndProject
Project("{FAE04EC0-301F-11D3-BF4B-00C04F79EFBC}") = "RMDesktopUI.Library", "RMDesktopUI.Library\RMDesktopUI.Library.csproj", "{331E49BB-70D1-4F99-9707-0CD8BEE73DEB}"
EndProject
Project("{2150E333-8FDC-42A3-9474-1A3956D46DE8}") = "Database", "Database", "{0C754D6A-AAFC-4B07-8EF9-62DA60E80678}"
EndProject
Project("{2150E333-8FDC-42A3-9474-1A3956D46DE8}") = "API", "API", "{53B9E891-A23F-4A99-94D0-53B0ECF64224}"
EndProject
Project("{2150E333-8FDC-42A3-9474-1A3956D46DE8}") = "WPF", "WPF", "{52A4B695-3DA4-4C36-8287-23B38CF72EF7}"
EndProject
Global
	GlobalSection(SolutionConfigurationPlatforms) = preSolution
		Debug|Any CPU = Debug|Any CPU
		Release|Any CPU = Release|Any CPU
	EndGlobalSection
	GlobalSection(ProjectConfigurationPlatforms) = postSolution
		{01C62149-1275-4CCF-BC5B-37436D91437C}.Debug|Any CPU.ActiveCfg = Debug|Any CPU
		{01C62149-1275-4CCF-BC5B-37436D91437C}.Debug|Any CPU.Build.0 = Debug|Any CPU
		{01C62149-1275-4CCF-BC5B-37436D91437C}.Release|Any CPU.ActiveCfg = Release|Any CPU
		{01C62149-1275-4CCF-BC5B-37436D91437C}.Release|Any CPU.Build.0 = Release|Any CPU
		{D288ABB7-5544-4ABD-B6AE-5876F3BC8F7E}.Debug|Any CPU.ActiveCfg = Debug|Any CPU
		{D288ABB7-5544-4ABD-B6AE-5876F3BC8F7E}.Debug|Any CPU.Build.0 = Debug|Any CPU
		{D288ABB7-5544-4ABD-B6AE-5876F3BC8F7E}.Debug|Any CPU.Deploy.0 = Debug|Any CPU
		{D288ABB7-5544-4ABD-B6AE-5876F3BC8F7E}.Release|Any CPU.ActiveCfg = Release|Any CPU
		{D288ABB7-5544-4ABD-B6AE-5876F3BC8F7E}.Release|Any CPU.Build.0 = Release|Any CPU
		{D288ABB7-5544-4ABD-B6AE-5876F3BC8F7E}.Release|Any CPU.Deploy.0 = Release|Any CPU
		{7FAAD9AB-AA87-421E-A39C-7388458A8594}.Debug|Any CPU.ActiveCfg = Debug|Any CPU
		{7FAAD9AB-AA87-421E-A39C-7388458A8594}.Debug|Any CPU.Build.0 = Debug|Any CPU
		{7FAAD9AB-AA87-421E-A39C-7388458A8594}.Release|Any CPU.ActiveCfg = Release|Any CPU
		{7FAAD9AB-AA87-421E-A39C-7388458A8594}.Release|Any CPU.Build.0 = Release|Any CPU
		{819DE380-7AA4-4BE6-A9D5-38C25617F036}.Debug|Any CPU.ActiveCfg = Debug|Any CPU
		{819DE380-7AA4-4BE6-A9D5-38C25617F036}.Debug|Any CPU.Build.0 = Debug|Any CPU
		{819DE380-7AA4-4BE6-A9D5-38C25617F036}.Release|Any CPU.ActiveCfg = Release|Any CPU
		{819DE380-7AA4-4BE6-A9D5-38C25617F036}.Release|Any CPU.Build.0 = Release|Any CPU
		{331E49BB-70D1-4F99-9707-0CD8BEE73DEB}.Debug|Any CPU.ActiveCfg = Debug|Any CPU
		{331E49BB-70D1-4F99-9707-0CD8BEE73DEB}.Debug|Any CPU.Build.0 = Debug|Any CPU
		{331E49BB-70D1-4F99-9707-0CD8BEE73DEB}.Release|Any CPU.ActiveCfg = Release|Any CPU
		{331E49BB-70D1-4F99-9707-0CD8BEE73DEB}.Release|Any CPU.Build.0 = Release|Any CPU
	EndGlobalSection
	GlobalSection(SolutionProperties) = preSolution
		HideSolutionNode = FALSE
	EndGlobalSection
	GlobalSection(NestedProjects) = preSolution
		{01C62149-1275-4CCF-BC5B-37436D91437C} = {53B9E891-A23F-4A99-94D0-53B0ECF64224}
		{D288ABB7-5544-4ABD-B6AE-5876F3BC8F7E} = {0C754D6A-AAFC-4B07-8EF9-62DA60E80678}
		{7FAAD9AB-AA87-421E-A39C-7388458A8594} = {52A4B695-3DA4-4C36-8287-23B38CF72EF7}
		{819DE380-7AA4-4BE6-A9D5-38C25617F036} = {53B9E891-A23F-4A99-94D0-53B0ECF64224}
		{331E49BB-70D1-4F99-9707-0CD8BEE73DEB} = {52A4B695-3DA4-4C36-8287-23B38CF72EF7}
	EndGlobalSection
	GlobalSection(ExtensibilityGlobals) = postSolution
		SolutionGuid = {A58BE48E-EB5A-4B9F-A26D-19ABD6FBC601}
	EndGlobalSection
EndGlobal
